
Microsoft Visual Studio Solution File, Format Version 12.00
# Visual Studio Version 17
VisualStudioVersion = 17.9.34622.214
MinimumVisualStudioVersion = 10.0.40219.1
Project("{F14B399A-7131-4C87-9E4B-1186C45EF12D}") = "WorkOrder", "WorkOrder\WorkOrder.rptproj", "{3A1872FC-2BAB-4316-A0C2-3BE414A06260}"
EndProject
Global
	GlobalSection(SolutionConfigurationPlatforms) = preSolution
		Debug|Default = Debug|Default
		DebugLocal|Default = DebugLocal|Default
		Release|Default = Release|Default
	EndGlobalSection
	GlobalSection(ProjectConfigurationPlatforms) = postSolution
		{3A1872FC-2BAB-4316-A0C2-3BE414A06260}.Debug|Default.ActiveCfg = Debug
		{3A1872FC-2BAB-4316-A0C2-3BE414A06260}.Debug|Default.Build.0 = Debug
		{3A1872FC-2BAB-4316-A0C2-3BE414A06260}.Debug|Default.Deploy.0 = Debug
		{3A1872FC-2BAB-4316-A0C2-3BE414A06260}.DebugLocal|Default.ActiveCfg = DebugLocal
		{3A1872FC-2BAB-4316-A0C2-3BE414A06260}.DebugLocal|Default.Build.0 = DebugLocal
		{3A1872FC-2BAB-4316-A0C2-3BE414A06260}.Release|Default.ActiveCfg = Release
		{3A1872FC-2BAB-4316-A0C2-3BE414A06260}.Release|Default.Build.0 = Release
		{3A1872FC-2BAB-4316-A0C2-3BE414A06260}.Release|Default.Deploy.0 = Release
	EndGlobalSection
	GlobalSection(SolutionProperties) = preSolution
		HideSolutionNode = FALSE
	EndGlobalSection
	GlobalSection(ExtensibilityGlobals) = postSolution
		SolutionGuid = {507BF540-3FC2-45EF-B0C4-065B86F189A5}
	EndGlobalSection
EndGlobal
